// !$*UTF8*$!
{
	archiveVersion = 1;
	classes = {
	};
	objectVersion = 46;
	objects = {

/* Begin PBXBuildFile section */
		0A2992761ACF38E20047A10B /* AppDelegate.swift in Sources */ = {isa = PBXBuildFile; fileRef = 0A2992751ACF38E20047A10B /* AppDelegate.swift */; };
		0A2992781ACF38E20047A10B /* ViewController.swift in Sources */ = {isa = PBXBuildFile; fileRef = 0A2992771ACF38E20047A10B /* ViewController.swift */; };
		0A29927B1ACF38E20047A10B /* Main.storyboard in Resources */ = {isa = PBXBuildFile; fileRef = 0A2992791ACF38E20047A10B /* Main.storyboard */; };
		0A29927D1ACF38E20047A10B /* Images.xcassets in Resources */ = {isa = PBXBuildFile; fileRef = 0A29927C1ACF38E20047A10B /* Images.xcassets */; };
		0A2992801ACF38E20047A10B /* LaunchScreen.xib in Resources */ = {isa = PBXBuildFile; fileRef = 0A29927E1ACF38E20047A10B /* LaunchScreen.xib */; };
		0A29928C1ACF38E20047A10B /* MaptestTests.swift in Sources */ = {isa = PBXBuildFile; fileRef = 0A29928B1ACF38E20047A10B /* MaptestTests.swift */; };
		0A29929E1ACF390B0047A10B /* InterfaceController.swift in Sources */ = {isa = PBXBuildFile; fileRef = 0A29929D1ACF390B0047A10B /* InterfaceController.swift */; };
		0A2992A01ACF390B0047A10B /* Images.xcassets in Resources */ = {isa = PBXBuildFile; fileRef = 0A29929F1ACF390B0047A10B /* Images.xcassets */; };
		0A2992A41ACF390B0047A10B /* Maptest WatchKit App.app in Resources */ = {isa = PBXBuildFile; fileRef = 0A2992A31ACF390B0047A10B /* Maptest WatchKit App.app */; };
		0A2992AC1ACF390B0047A10B /* Interface.storyboard in Resources */ = {isa = PBXBuildFile; fileRef = 0A2992AA1ACF390B0047A10B /* Interface.storyboard */; };
		0A2992AE1ACF390B0047A10B /* Images.xcassets in Resources */ = {isa = PBXBuildFile; fileRef = 0A2992AD1ACF390B0047A10B /* Images.xcassets */; };
		0A2992B11ACF390B0047A10B /* Maptest WatchKit Extension.appex in Embed App Extensions */ = {isa = PBXBuildFile; fileRef = 0A2992991ACF390B0047A10B /* Maptest WatchKit Extension.appex */; settings = {ATTRIBUTES = (RemoveHeadersOnCopy, ); }; };
/* End PBXBuildFile section */

/* Begin PBXContainerItemProxy section */
		0A2992861ACF38E20047A10B /* PBXContainerItemProxy */ = {
			isa = PBXContainerItemProxy;
			containerPortal = 0A2992681ACF38E20047A10B /* Project object */;
			proxyType = 1;
			remoteGlobalIDString = 0A29926F1ACF38E20047A10B;
			remoteInfo = Maptest;
		};
		0A2992A51ACF390B0047A10B /* PBXContainerItemProxy */ = {
			isa = PBXContainerItemProxy;
			containerPortal = 0A2992681ACF38E20047A10B /* Project object */;
			proxyType = 1;
			remoteGlobalIDString = 0A2992A21ACF390B0047A10B;
			remoteInfo = "Maptest WatchKit App";
		};
		0A2992AF1ACF390B0047A10B /* PBXContainerItemProxy */ = {
			isa = PBXContainerItemProxy;
			containerPortal = 0A2992681ACF38E20047A10B /* Project object */;
			proxyType = 1;
			remoteGlobalIDString = 0A2992981ACF390B0047A10B;
			remoteInfo = "Maptest WatchKit Extension";
		};
/* End PBXContainerItemProxy section */

/* Begin PBXCopyFilesBuildPhase section */
		0A2992B81ACF390B0047A10B /* Embed App Extensions */ = {
			isa = PBXCopyFilesBuildPhase;
			buildActionMask = 2147483647;
			dstPath = "";
			dstSubfolderSpec = 13;
			files = (
				0A2992B11ACF390B0047A10B /* Maptest WatchKit Extension.appex in Embed App Extensions */,
			);
			name = "Embed App Extensions";
			runOnlyForDeploymentPostprocessing = 0;
		};
/* End PBXCopyFilesBuildPhase section */

/* Begin PBXFileReference section */
		0A2992701ACF38E20047A10B /* Maptest.app */ = {isa = PBXFileReference; explicitFileType = wrapper.application; includeInIndex = 0; path = Maptest.app; sourceTree = BUILT_PRODUCTS_DIR; };
		0A2992741ACF38E20047A10B /* Info.plist */ = {isa = PBXFileReference; lastKnownFileType = text.plist.xml; path = Info.plist; sourceTree = "<group>"; };
		0A2992751ACF38E20047A10B /* AppDelegate.swift */ = {isa = PBXFileReference; lastKnownFileType = sourcecode.swift; path = AppDelegate.swift; sourceTree = "<group>"; };
		0A2992771ACF38E20047A10B /* ViewController.swift */ = {isa = PBXFileReference; lastKnownFileType = sourcecode.swift; path = ViewController.swift; sourceTree = "<group>"; };
		0A29927A1ACF38E20047A10B /* Base */ = {isa = PBXFileReference; lastKnownFileType = file.storyboard; name = Base; path = Base.lproj/Main.storyboard; sourceTree = "<group>"; };
		0A29927C1ACF38E20047A10B /* Images.xcassets */ = {isa = PBXFileReference; lastKnownFileType = folder.assetcatalog; path = Images.xcassets; sourceTree = "<group>"; };
		0A29927F1ACF38E20047A10B /* Base */ = {isa = PBXFileReference; lastKnownFileType = file.xib; name = Base; path = Base.lproj/LaunchScreen.xib; sourceTree = "<group>"; };
		0A2992851ACF38E20047A10B /* MaptestTests.xctest */ = {isa = PBXFileReference; explicitFileType = wrapper.cfbundle; includeInIndex = 0; path = MaptestTests.xctest; sourceTree = BUILT_PRODUCTS_DIR; };
		0A29928A1ACF38E20047A10B /* Info.plist */ = {isa = PBXFileReference; lastKnownFileType = text.plist.xml; path = Info.plist; sourceTree = "<group>"; };
		0A29928B1ACF38E20047A10B /* MaptestTests.swift */ = {isa = PBXFileReference; lastKnownFileType = sourcecode.swift; path = MaptestTests.swift; sourceTree = "<group>"; };
		0A2992991ACF390B0047A10B /* Maptest WatchKit Extension.appex */ = {isa = PBXFileReference; explicitFileType = "wrapper.app-extension"; includeInIndex = 0; path = "Maptest WatchKit Extension.appex"; sourceTree = BUILT_PRODUCTS_DIR; };
		0A29929C1ACF390B0047A10B /* Info.plist */ = {isa = PBXFileReference; lastKnownFileType = text.plist.xml; path = Info.plist; sourceTree = "<group>"; };
		0A29929D1ACF390B0047A10B /* InterfaceController.swift */ = {isa = PBXFileReference; lastKnownFileType = sourcecode.swift; path = InterfaceController.swift; sourceTree = "<group>"; };
		0A29929F1ACF390B0047A10B /* Images.xcassets */ = {isa = PBXFileReference; lastKnownFileType = folder.assetcatalog; path = Images.xcassets; sourceTree = "<group>"; };
		0A2992A31ACF390B0047A10B /* Maptest WatchKit App.app */ = {isa = PBXFileReference; explicitFileType = wrapper.application; includeInIndex = 0; path = "Maptest WatchKit App.app"; sourceTree = BUILT_PRODUCTS_DIR; };
		0A2992A91ACF390B0047A10B /* Info.plist */ = {isa = PBXFileReference; lastKnownFileType = text.plist.xml; path = Info.plist; sourceTree = "<group>"; };
		0A2992AB1ACF390B0047A10B /* Base */ = {isa = PBXFileReference; lastKnownFileType = file.storyboard; name = Base; path = Base.lproj/Interface.storyboard; sourceTree = "<group>"; };
		0A2992AD1ACF390B0047A10B /* Images.xcassets */ = {isa = PBXFileReference; lastKnownFileType = folder.assetcatalog; path = Images.xcassets; sourceTree = "<group>"; };
/* End PBXFileReference section */

/* Begin PBXFrameworksBuildPhase section */
		0A29926D1ACF38E20047A10B /* Frameworks */ = {
			isa = PBXFrameworksBuildPhase;
			buildActionMask = 2147483647;
			files = (
			);
			runOnlyForDeploymentPostprocessing = 0;
		};
		0A2992821ACF38E20047A10B /* Frameworks */ = {
			isa = PBXFrameworksBuildPhase;
			buildActionMask = 2147483647;
			files = (
			);
			runOnlyForDeploymentPostprocessing = 0;
		};
		0A2992961ACF390B0047A10B /* Frameworks */ = {
			isa = PBXFrameworksBuildPhase;
			buildActionMask = 2147483647;
			files = (
			);
			runOnlyForDeploymentPostprocessing = 0;
		};
/* End PBXFrameworksBuildPhase section */

/* Begin PBXGroup section */
		0A2992671ACF38E20047A10B = {
			isa = PBXGroup;
			children = (
				0A2992721ACF38E20047A10B /* Maptest */,
				0A2992881ACF38E20047A10B /* MaptestTests */,
				0A29929A1ACF390B0047A10B /* Maptest WatchKit Extension */,
				0A2992A71ACF390B0047A10B /* Maptest WatchKit App */,
				0A2992711ACF38E20047A10B /* Products */,
			);
			sourceTree = "<group>";
		};
		0A2992711ACF38E20047A10B /* Products */ = {
			isa = PBXGroup;
			children = (
				0A2992701ACF38E20047A10B /* Maptest.app */,
				0A2992851ACF38E20047A10B /* MaptestTests.xctest */,
				0A2992991ACF390B0047A10B /* Maptest WatchKit Extension.appex */,
				0A2992A31ACF390B0047A10B /* Maptest WatchKit App.app */,
			);
			name = Products;
			sourceTree = "<group>";
		};
		0A2992721ACF38E20047A10B /* Maptest */ = {
			isa = PBXGroup;
			children = (
				0A2992751ACF38E20047A10B /* AppDelegate.swift */,
				0A2992771ACF38E20047A10B /* ViewController.swift */,
				0A2992791ACF38E20047A10B /* Main.storyboard */,
				0A29927C1ACF38E20047A10B /* Images.xcassets */,
				0A29927E1ACF38E20047A10B /* LaunchScreen.xib */,
				0A2992731ACF38E20047A10B /* Supporting Files */,
			);
			path = Maptest;
			sourceTree = "<group>";
		};
		0A2992731ACF38E20047A10B /* Supporting Files */ = {
			isa = PBXGroup;
			children = (
				0A2992741ACF38E20047A10B /* Info.plist */,
			);
			name = "Supporting Files";
			sourceTree = "<group>";
		};
		0A2992881ACF38E20047A10B /* MaptestTests */ = {
			isa = PBXGroup;
			children = (
				0A29928B1ACF38E20047A10B /* MaptestTests.swift */,
				0A2992891ACF38E20047A10B /* Supporting Files */,
			);
			path = MaptestTests;
			sourceTree = "<group>";
		};
		0A2992891ACF38E20047A10B /* Supporting Files */ = {
			isa = PBXGroup;
			children = (
				0A29928A1ACF38E20047A10B /* Info.plist */,
			);
			name = "Supporting Files";
			sourceTree = "<group>";
		};
		0A29929A1ACF390B0047A10B /* Maptest WatchKit Extension */ = {
			isa = PBXGroup;
			children = (
				0A29929D1ACF390B0047A10B /* InterfaceController.swift */,
				0A29929F1ACF390B0047A10B /* Images.xcassets */,
				0A29929B1ACF390B0047A10B /* Supporting Files */,
			);
			path = "Maptest WatchKit Extension";
			sourceTree = "<group>";
		};
		0A29929B1ACF390B0047A10B /* Supporting Files */ = {
			isa = PBXGroup;
			children = (
				0A29929C1ACF390B0047A10B /* Info.plist */,
			);
			name = "Supporting Files";
			sourceTree = "<group>";
		};
		0A2992A71ACF390B0047A10B /* Maptest WatchKit App */ = {
			isa = PBXGroup;
			children = (
				0A2992AA1ACF390B0047A10B /* Interface.storyboard */,
				0A2992AD1ACF390B0047A10B /* Images.xcassets */,
				0A2992A81ACF390B0047A10B /* Supporting Files */,
			);
			path = "Maptest WatchKit App";
			sourceTree = "<group>";
		};
		0A2992A81ACF390B0047A10B /* Supporting Files */ = {
			isa = PBXGroup;
			children = (
				0A2992A91ACF390B0047A10B /* Info.plist */,
			);
			name = "Supporting Files";
			sourceTree = "<group>";
		};
/* End PBXGroup section */

/* Begin PBXNativeTarget section */
		0A29926F1ACF38E20047A10B /* Maptest */ = {
			isa = PBXNativeTarget;
			buildConfigurationList = 0A29928F1ACF38E20047A10B /* Build configuration list for PBXNativeTarget "Maptest" */;
			buildPhases = (
				0A29926C1ACF38E20047A10B /* Sources */,
				0A29926D1ACF38E20047A10B /* Frameworks */,
				0A29926E1ACF38E20047A10B /* Resources */,
				0A2992B81ACF390B0047A10B /* Embed App Extensions */,
			);
			buildRules = (
			);
			dependencies = (
				0A2992B01ACF390B0047A10B /* PBXTargetDependency */,
			);
			name = Maptest;
			productName = Maptest;
			productReference = 0A2992701ACF38E20047A10B /* Maptest.app */;
			productType = "com.apple.product-type.application";
		};
		0A2992841ACF38E20047A10B /* MaptestTests */ = {
			isa = PBXNativeTarget;
			buildConfigurationList = 0A2992921ACF38E20047A10B /* Build configuration list for PBXNativeTarget "MaptestTests" */;
			buildPhases = (
				0A2992811ACF38E20047A10B /* Sources */,
				0A2992821ACF38E20047A10B /* Frameworks */,
				0A2992831ACF38E20047A10B /* Resources */,
			);
			buildRules = (
			);
			dependencies = (
				0A2992871ACF38E20047A10B /* PBXTargetDependency */,
			);
			name = MaptestTests;
			productName = MaptestTests;
			productReference = 0A2992851ACF38E20047A10B /* MaptestTests.xctest */;
			productType = "com.apple.product-type.bundle.unit-test";
		};
		0A2992981ACF390B0047A10B /* Maptest WatchKit Extension */ = {
			isa = PBXNativeTarget;
			buildConfigurationList = 0A2992B51ACF390B0047A10B /* Build configuration list for PBXNativeTarget "Maptest WatchKit Extension" */;
			buildPhases = (
				0A2992951ACF390B0047A10B /* Sources */,
				0A2992961ACF390B0047A10B /* Frameworks */,
				0A2992971ACF390B0047A10B /* Resources */,
			);
			buildRules = (
			);
			dependencies = (
				0A2992A61ACF390B0047A10B /* PBXTargetDependency */,
			);
			name = "Maptest WatchKit Extension";
			productName = "Maptest WatchKit Extension";
			productReference = 0A2992991ACF390B0047A10B /* Maptest WatchKit Extension.appex */;
			productType = "com.apple.product-type.watchkit-extension";
		};
		0A2992A21ACF390B0047A10B /* Maptest WatchKit App */ = {
			isa = PBXNativeTarget;
			buildConfigurationList = 0A2992B21ACF390B0047A10B /* Build configuration list for PBXNativeTarget "Maptest WatchKit App" */;
			buildPhases = (
				0A2992A11ACF390B0047A10B /* Resources */,
			);
			buildRules = (
			);
			dependencies = (
			);
			name = "Maptest WatchKit App";
			productName = "Maptest WatchKit App";
			productReference = 0A2992A31ACF390B0047A10B /* Maptest WatchKit App.app */;
			productType = "com.apple.product-type.application.watchapp";
		};
/* End PBXNativeTarget section */

/* Begin PBXProject section */
		0A2992681ACF38E20047A10B /* Project object */ = {
			isa = PBXProject;
			attributes = {
				LastUpgradeCheck = 0620;
				ORGANIZATIONNAME = sticksen;
				TargetAttributes = {
					0A29926F1ACF38E20047A10B = {
						CreatedOnToolsVersion = 6.2;
					};
					0A2992841ACF38E20047A10B = {
						CreatedOnToolsVersion = 6.2;
						TestTargetID = 0A29926F1ACF38E20047A10B;
					};
					0A2992981ACF390B0047A10B = {
						CreatedOnToolsVersion = 6.2;
					};
					0A2992A21ACF390B0047A10B = {
						CreatedOnToolsVersion = 6.2;
					};
				};
			};
			buildConfigurationList = 0A29926B1ACF38E20047A10B /* Build configuration list for PBXProject "Maptest" */;
			compatibilityVersion = "Xcode 3.2";
			developmentRegion = English;
			hasScannedForEncodings = 0;
			knownRegions = (
				en,
				Base,
			);
			mainGroup = 0A2992671ACF38E20047A10B;
			productRefGroup = 0A2992711ACF38E20047A10B /* Products */;
			projectDirPath = "";
			projectRoot = "";
			targets = (
				0A29926F1ACF38E20047A10B /* Maptest */,
				0A2992841ACF38E20047A10B /* MaptestTests */,
				0A2992981ACF390B0047A10B /* Maptest WatchKit Extension */,
				0A2992A21ACF390B0047A10B /* Maptest WatchKit App */,
			);
		};
/* End PBXProject section */

/* Begin PBXResourcesBuildPhase section */
		0A29926E1ACF38E20047A10B /* Resources */ = {
			isa = PBXResourcesBuildPhase;
			buildActionMask = 2147483647;
			files = (
				0A29927B1ACF38E20047A10B /* Main.storyboard in Resources */,
				0A2992801ACF38E20047A10B /* LaunchScreen.xib in Resources */,
				0A29927D1ACF38E20047A10B /* Images.xcassets in Resources */,
			);
			runOnlyForDeploymentPostprocessing = 0;
		};
		0A2992831ACF38E20047A10B /* Resources */ = {
			isa = PBXResourcesBuildPhase;
			buildActionMask = 2147483647;
			files = (
			);
			runOnlyForDeploymentPostprocessing = 0;
		};
		0A2992971ACF390B0047A10B /* Resources */ = {
			isa = PBXResourcesBuildPhase;
			buildActionMask = 2147483647;
			files = (
				0A2992A01ACF390B0047A10B /* Images.xcassets in Resources */,
				0A2992A41ACF390B0047A10B /* Maptest WatchKit App.app in Resources */,
			);
			runOnlyForDeploymentPostprocessing = 0;
		};
		0A2992A11ACF390B0047A10B /* Resources */ = {
			isa = PBXResourcesBuildPhase;
			buildActionMask = 2147483647;
			files = (
				0A2992AC1ACF390B0047A10B /* Interface.storyboard in Resources */,
				0A2992AE1ACF390B0047A10B /* Images.xcassets in Resources */,
			);
			runOnlyForDeploymentPostprocessing = 0;
		};
/* End PBXResourcesBuildPhase section */

/* Begin PBXSourcesBuildPhase section */
		0A29926C1ACF38E20047A10B /* Sources */ = {
			isa = PBXSourcesBuildPhase;
			buildActionMask = 2147483647;
			files = (
				0A2992781ACF38E20047A10B /* ViewController.swift in Sources */,
				0A2992761ACF38E20047A10B /* AppDelegate.swift in Sources */,
			);
			runOnlyForDeploymentPostprocessing = 0;
		};
		0A2992811ACF38E20047A10B /* Sources */ = {
			isa = PBXSourcesBuildPhase;
			buildActionMask = 2147483647;
			files = (
				0A29928C1ACF38E20047A10B /* MaptestTests.swift in Sources */,
			);
			runOnlyForDeploymentPostprocessing = 0;
		};
		0A2992951ACF390B0047A10B /* Sources */ = {
			isa = PBXSourcesBuildPhase;
			buildActionMask = 2147483647;
			files = (
				0A29929E1ACF390B0047A10B /* InterfaceController.swift in Sources */,
			);
			runOnlyForDeploymentPostprocessing = 0;
		};
/* End PBXSourcesBuildPhase section */

/* Begin PBXTargetDependency section */
		0A2992871ACF38E20047A10B /* PBXTargetDependency */ = {
			isa = PBXTargetDependency;
			target = 0A29926F1ACF38E20047A10B /* Maptest */;
			targetProxy = 0A2992861ACF38E20047A10B /* PBXContainerItemProxy */;
		};
		0A2992A61ACF390B0047A10B /* PBXTargetDependency */ = {
			isa = PBXTargetDependency;
			target = 0A2992A21ACF390B0047A10B /* Maptest WatchKit App */;
			targetProxy = 0A2992A51ACF390B0047A10B /* PBXContainerItemProxy */;
		};
		0A2992B01ACF390B0047A10B /* PBXTargetDependency */ = {
			isa = PBXTargetDependency;
			target = 0A2992981ACF390B0047A10B /* Maptest WatchKit Extension */;
			targetProxy = 0A2992AF1ACF390B0047A10B /* PBXContainerItemProxy */;
		};
/* End PBXTargetDependency section */

/* Begin PBXVariantGroup section */
		0A2992791ACF38E20047A10B /* Main.storyboard */ = {
			isa = PBXVariantGroup;
			children = (
				0A29927A1ACF38E20047A10B /* Base */,
			);
			name = Main.storyboard;
			sourceTree = "<group>";
		};
		0A29927E1ACF38E20047A10B /* LaunchScreen.xib */ = {
			isa = PBXVariantGroup;
			children = (
				0A29927F1ACF38E20047A10B /* Base */,
			);
			name = LaunchScreen.xib;
			sourceTree = "<group>";
		};
		0A2992AA1ACF390B0047A10B /* Interface.storyboard */ = {
			isa = PBXVariantGroup;
			children = (
				0A2992AB1ACF390B0047A10B /* Base */,
			);
			name = Interface.storyboard;
			sourceTree = "<group>";
		};
/* End PBXVariantGroup section */

/* Begin XCBuildConfiguration section */
		0A29928D1ACF38E20047A10B /* Debug */ = {
			isa = XCBuildConfiguration;
			buildSettings = {
				ALWAYS_SEARCH_USER_PATHS = NO;
				CLANG_CXX_LANGUAGE_STANDARD = "gnu++0x";
				CLANG_CXX_LIBRARY = "libc++";
				CLANG_ENABLE_MODULES = YES;
				CLANG_ENABLE_OBJC_ARC = YES;
				CLANG_WARN_BOOL_CONVERSION = YES;
				CLANG_WARN_CONSTANT_CONVERSION = YES;
				CLANG_WARN_DIRECT_OBJC_ISA_USAGE = YES_ERROR;
				CLANG_WARN_EMPTY_BODY = YES;
				CLANG_WARN_ENUM_CONVERSION = YES;
				CLANG_WARN_INT_CONVERSION = YES;
				CLANG_WARN_OBJC_ROOT_CLASS = YES_ERROR;
				CLANG_WARN_UNREACHABLE_CODE = YES;
				CLANG_WARN__DUPLICATE_METHOD_MATCH = YES;
				"CODE_SIGN_IDENTITY[sdk=iphoneos*]" = "iPhone Developer";
				COPY_PHASE_STRIP = NO;
				ENABLE_STRICT_OBJC_MSGSEND = YES;
				GCC_C_LANGUAGE_STANDARD = gnu99;
				GCC_DYNAMIC_NO_PIC = NO;
				GCC_OPTIMIZATION_LEVEL = 0;
				GCC_PREPROCESSOR_DEFINITIONS = (
					"DEBUG=1",
					"$(inherited)",
				);
				GCC_SYMBOLS_PRIVATE_EXTERN = NO;
				GCC_WARN_64_TO_32_BIT_CONVERSION = YES;
				GCC_WARN_ABOUT_RETURN_TYPE = YES_ERROR;
				GCC_WARN_UNDECLARED_SELECTOR = YES;
				GCC_WARN_UNINITIALIZED_AUTOS = YES_AGGRESSIVE;
				GCC_WARN_UNUSED_FUNCTION = YES;
				GCC_WARN_UNUSED_VARIABLE = YES;
				IPHONEOS_DEPLOYMENT_TARGET = 8.2;
				MTL_ENABLE_DEBUG_INFO = YES;
				ONLY_ACTIVE_ARCH = YES;
				SDKROOT = iphoneos;
				SWIFT_OPTIMIZATION_LEVEL = "-Onone";
				TARGETED_DEVICE_FAMILY = "1,2";
			};
			name = Debug;
		};
		0A29928E1ACF38E20047A10B /* Release */ = {
			isa = XCBuildConfiguration;
			buildSettings = {
				ALWAYS_SEARCH_USER_PATHS = NO;
				CLANG_CXX_LANGUAGE_STANDARD = "gnu++0x";
				CLANG_CXX_LIBRARY = "libc++";
				CLANG_ENABLE_MODULES = YES;
				CLANG_ENABLE_OBJC_ARC = YES;
				CLANG_WARN_BOOL_CONVERSION = YES;
				CLANG_WARN_CONSTANT_CONVERSION = YES;
				CLANG_WARN_DIRECT_OBJC_ISA_USAGE = YES_ERROR;
				CLANG_WARN_EMPTY_BODY = YES;
				CLANG_WARN_ENUM_CONVERSION = YES;
				CLANG_WARN_INT_CONVERSION = YES;
				CLANG_WARN_OBJC_ROOT_CLASS = YES_ERROR;
				CLANG_WARN_UNREACHABLE_CODE = YES;
				CLANG_WARN__DUPLICATE_METHOD_MATCH = YES;
				"CODE_SIGN_IDENTITY[sdk=iphoneos*]" = "iPhone Developer";
				COPY_PHASE_STRIP = NO;
				ENABLE_NS_ASSERTIONS = NO;
				ENABLE_STRICT_OBJC_MSGSEND = YES;
				GCC_C_LANGUAGE_STANDARD = gnu99;
				GCC_WARN_64_TO_32_BIT_CONVERSION = YES;
				GCC_WARN_ABOUT_RETURN_TYPE = YES_ERROR;
				GCC_WARN_UNDECLARED_SELECTOR = YES;
				GCC_WARN_UNINITIALIZED_AUTOS = YES_AGGRESSIVE;
				GCC_WARN_UNUSED_FUNCTION = YES;
				GCC_WARN_UNUSED_VARIABLE = YES;
				IPHONEOS_DEPLOYMENT_TARGET = 8.2;
				MTL_ENABLE_DEBUG_INFO = NO;
				SDKROOT = iphoneos;
				TARGETED_DEVICE_FAMILY = "1,2";
				VALIDATE_PRODUCT = YES;
			};
			name = Release;
		};
		0A2992901ACF38E20047A10B /* Debug */ = {
			isa = XCBuildConfiguration;
			buildSettings = {
				ASSETCATALOG_COMPILER_APPICON_NAME = AppIcon;
				EMBEDDED_CONTENT_CONTAINS_SWIFT = YES;
				INFOPLIST_FILE = Maptest/Info.plist;
				LD_RUNPATH_SEARCH_PATHS = "$(inherited) @executable_path/Frameworks";
				PRODUCT_NAME = "$(TARGET_NAME)";
			};
			name = Debug;
		};
		0A2992911ACF38E20047A10B /* Release */ = {
			isa = XCBuildConfiguration;
			buildSettings = {
				ASSETCATALOG_COMPILER_APPICON_NAME = AppIcon;
				EMBEDDED_CONTENT_CONTAINS_SWIFT = YES;
				INFOPLIST_FILE = Maptest/Info.plist;
				LD_RUNPATH_SEARCH_PATHS = "$(inherited) @executable_path/Frameworks";
				PRODUCT_NAME = "$(TARGET_NAME)";
			};
			name = Release;
		};
		0A2992931ACF38E20047A10B /* Debug */ = {
			isa = XCBuildConfiguration;
			buildSettings = {
				BUNDLE_LOADER = "$(TEST_HOST)";
				FRAMEWORK_SEARCH_PATHS = (
					"$(SDKROOT)/Developer/Library/Frameworks",
					"$(inherited)",
				);
				GCC_PREPROCESSOR_DEFINITIONS = (
					"DEBUG=1",
					"$(inherited)",
				);
				INFOPLIST_FILE = MaptestTests/Info.plist;
				LD_RUNPATH_SEARCH_PATHS = "$(inherited) @executable_path/Frameworks @loader_path/Frameworks";
				PRODUCT_NAME = "$(TARGET_NAME)";
				TEST_HOST = "$(BUILT_PRODUCTS_DIR)/Maptest.app/Maptest";
			};
			name = Debug;
		};
		0A2992941ACF38E20047A10B /* Release */ = {
			isa = XCBuildConfiguration;
			buildSettings = {
				BUNDLE_LOADER = "$(TEST_HOST)";
				FRAMEWORK_SEARCH_PATHS = (
					"$(SDKROOT)/Developer/Library/Frameworks",
					"$(inherited)",
				);
				INFOPLIST_FILE = MaptestTests/Info.plist;
				LD_RUNPATH_SEARCH_PATHS = "$(inherited) @executable_path/Frameworks @loader_path/Frameworks";
				PRODUCT_NAME = "$(TARGET_NAME)";
				TEST_HOST = "$(BUILT_PRODUCTS_DIR)/Maptest.app/Maptest";
			};
			name = Release;
		};
		0A2992B31ACF390B0047A10B /* Debug */ = {
			isa = XCBuildConfiguration;
			buildSettings = {
				ASSETCATALOG_COMPILER_APPICON_NAME = AppIcon;
				GCC_PREPROCESSOR_DEFINITIONS = (
					"DEBUG=1",
					"$(inherited)",
				);
				IBSC_MODULE = Maptest_WatchKit_Extension;
				INFOPLIST_FILE = "Maptest WatchKit App/Info.plist";
				PRODUCT_NAME = "$(TARGET_NAME)";
				SKIP_INSTALL = YES;
				TARGETED_DEVICE_FAMILY = 4;
				"TARGETED_DEVICE_FAMILY[sdk=iphonesimulator*]" = "1,4";
			};
			name = Debug;
		};
		0A2992B41ACF390B0047A10B /* Release */ = {
			isa = XCBuildConfiguration;
			buildSettings = {
				ASSETCATALOG_COMPILER_APPICON_NAME = AppIcon;
				IBSC_MODULE = Maptest_WatchKit_Extension;
				INFOPLIST_FILE = "Maptest WatchKit App/Info.plist";
				PRODUCT_NAME = "$(TARGET_NAME)";
				SKIP_INSTALL = YES;
				TARGETED_DEVICE_FAMILY = 4;
				"TARGETED_DEVICE_FAMILY[sdk=iphonesimulator*]" = "1,4";
			};
			name = Release;
		};
		0A2992B61ACF390B0047A10B /* Debug */ = {
			isa = XCBuildConfiguration;
			buildSettings = {
				GCC_PREPROCESSOR_DEFINITIONS = (
					"DEBUG=1",
					"$(inherited)",
				);
				INFOPLIST_FILE = "Maptest WatchKit Extension/Info.plist";
				LD_RUNPATH_SEARCH_PATHS = "$(inherited) @executable_path/Frameworks @executable_path/../../Frameworks";
				PRODUCT_NAME = "${TARGET_NAME}";
				SKIP_INSTALL = YES;
			};
			name = Debug;
		};
		0A2992B71ACF390B0047A10B /* Release */ = {
			isa = XCBuildConfiguration;
			buildSettings = {
				INFOPLIST_FILE = "Maptest WatchKit Extension/Info.plist";
				LD_RUNPATH_SEARCH_PATHS = "$(inherited) @executable_path/Frameworks @executable_path/../../Frameworks";
				PRODUCT_NAME = "${TARGET_NAME}";
				SKIP_INSTALL = YES;
			};
			name = Release;
		};
/* End XCBuildConfiguration section */

/* Begin XCConfigurationList section */
		0A29926B1ACF38E20047A10B /* Build configuration list for PBXProject "Maptest" */ = {
			isa = XCConfigurationList;
			buildConfigurations = (
				0A29928D1ACF38E20047A10B /* Debug */,
				0A29928E1ACF38E20047A10B /* Release */,
			);
			defaultConfigurationIsVisible = 0;
			defaultConfigurationName = Release;
		};
		0A29928F1ACF38E20047A10B /* Build configuration list for PBXNativeTarget "Maptest" */ = {
			isa = XCConfigurationList;
			buildConfigurations = (
				0A2992901ACF38E20047A10B /* Debug */,
				0A2992911ACF38E20047A10B /* Release */,
			);
			defaultConfigurationIsVisible = 0;
		};
		0A2992921ACF38E20047A10B /* Build configuration list for PBXNativeTarget "MaptestTests" */ = {
			isa = XCConfigurationList;
			buildConfigurations = (
				0A2992931ACF38E20047A10B /* Debug */,
				0A2992941ACF38E20047A10B /* Release */,
			);
			defaultConfigurationIsVisible = 0;
		};
		0A2992B21ACF390B0047A10B /* Build configuration list for PBXNativeTarget "Maptest WatchKit App" */ = {
			isa = XCConfigurationList;
			buildConfigurations = (
				0A2992B31ACF390B0047A10B /* Debug */,
				0A2992B41ACF390B0047A10B /* Release */,
			);
			defaultConfigurationIsVisible = 0;
		};
		0A2992B51ACF390B0047A10B /* Build configuration list for PBXNativeTarget "Maptest WatchKit Extension" */ = {
			isa = XCConfigurationList;
			buildConfigurations = (
				0A2992B61ACF390B0047A10B /* Debug */,
				0A2992B71ACF390B0047A10B /* Release */,
			);
			defaultConfigurationIsVisible = 0;
		};
/* End XCConfigurationList section */
	};
	rootObject = 0A2992681ACF38E20047A10B /* Project object */;
}
